
Microsoft Visual Studio Solution File, Format Version 12.00
# Visual Studio 15
VisualStudioVersion = 15.0.28307.329
MinimumVisualStudioVersion = 10.0.40219.1
Project("{FAE04EC0-301F-11D3-BF4B-00C04F79EFBC}") = "LeetCodeProblems", "LeetCodeProblems\LeetCodeProblems.csproj", "{0A330C4A-5B45-4956-8E98-2D1B805F053A}"
EndProject
Global
	GlobalSection(SolutionConfigurationPlatforms) = preSolution
		Debug|Any CPU = Debug|Any CPU
		Release|Any CPU = Release|Any CPU
	EndGlobalSection
	GlobalSection(ProjectConfigurationPlatforms) = postSolution
		{0A330C4A-5B45-4956-8E98-2D1B805F053A}.Debug|Any CPU.ActiveCfg = Debug|Any CPU
		{0A330C4A-5B45-4956-8E98-2D1B805F053A}.Debug|Any CPU.Build.0 = Debug|Any CPU
		{0A330C4A-5B45-4956-8E98-2D1B805F053A}.Release|Any CPU.ActiveCfg = Release|Any CPU
		{0A330C4A-5B45-4956-8E98-2D1B805F053A}.Release|Any CPU.Build.0 = Release|Any CPU
	EndGlobalSection
	GlobalSection(SolutionProperties) = preSolution
		HideSolutionNode = FALSE
	EndGlobalSection
	GlobalSection(ExtensibilityGlobals) = postSolution
		SolutionGuid = {4F300912-EF22-47A8-BBF5-CF7AB85460F1}
	EndGlobalSection
EndGlobal
